// !$*UTF8*$!
{
	archiveVersion = 1;
	classes = {
	};
	objectVersion = 48;
	objects = {

/* Begin PBXBuildFile section */
		AA4D503D20ABC63A00EDAEEC /* TableViewCell.swift in Sources */ = {isa = PBXBuildFile; fileRef = AA4D503C20ABC63A00EDAEEC /* TableViewCell.swift */; };
		AA57099220AA7F3B00C8D746 /* AppDelegate.swift in Sources */ = {isa = PBXBuildFile; fileRef = AA57099120AA7F3B00C8D746 /* AppDelegate.swift */; };
		AA57099720AA7F3B00C8D746 /* Main.storyboard in Resources */ = {isa = PBXBuildFile; fileRef = AA57099520AA7F3B00C8D746 /* Main.storyboard */; };
		AA57099920AA7F3B00C8D746 /* Assets.xcassets in Resources */ = {isa = PBXBuildFile; fileRef = AA57099820AA7F3B00C8D746 /* Assets.xcassets */; };
		AA57099C20AA7F3B00C8D746 /* LaunchScreen.storyboard in Resources */ = {isa = PBXBuildFile; fileRef = AA57099A20AA7F3B00C8D746 /* LaunchScreen.storyboard */; };
		AA5709A420AA855D00C8D746 /* TableViewController.swift in Sources */ = {isa = PBXBuildFile; fileRef = AA5709A320AA855D00C8D746 /* TableViewController.swift */; };
/* End PBXBuildFile section */

/* Begin PBXFileReference section */
		AA4D503C20ABC63A00EDAEEC /* TableViewCell.swift */ = {isa = PBXFileReference; lastKnownFileType = sourcecode.swift; path = TableViewCell.swift; sourceTree = "<group>"; };
		AA57098E20AA7F3B00C8D746 /* DemoCustomCell.app */ = {isa = PBXFileReference; explicitFileType = wrapper.application; includeInIndex = 0; path = DemoCustomCell.app; sourceTree = BUILT_PRODUCTS_DIR; };
		AA57099120AA7F3B00C8D746 /* AppDelegate.swift */ = {isa = PBXFileReference; lastKnownFileType = sourcecode.swift; path = AppDelegate.swift; sourceTree = "<group>"; };
		AA57099620AA7F3B00C8D746 /* Base */ = {isa = PBXFileReference; lastKnownFileType = file.storyboard; name = Base; path = Base.lproj/Main.storyboard; sourceTree = "<group>"; };
		AA57099820AA7F3B00C8D746 /* Assets.xcassets */ = {isa = PBXFileReference; lastKnownFileType = folder.assetcatalog; path = Assets.xcassets; sourceTree = "<group>"; };
		AA57099B20AA7F3B00C8D746 /* Base */ = {isa = PBXFileReference; lastKnownFileType = file.storyboard; name = Base; path = Base.lproj/LaunchScreen.storyboard; sourceTree = "<group>"; };
		AA57099D20AA7F3B00C8D746 /* Info.plist */ = {isa = PBXFileReference; lastKnownFileType = text.plist.xml; path = Info.plist; sourceTree = "<group>"; };
		AA5709A320AA855D00C8D746 /* TableViewController.swift */ = {isa = PBXFileReference; lastKnownFileType = sourcecode.swift; path = TableViewController.swift; sourceTree = "<group>"; };
/* End PBXFileReference section */

/* Begin PBXFrameworksBuildPhase section */
		AA57098B20AA7F3B00C8D746 /* Frameworks */ = {
			isa = PBXFrameworksBuildPhase;
			buildActionMask = 2147483647;
			files = (
			);
			runOnlyForDeploymentPostprocessing = 0;
		};
/* End PBXFrameworksBuildPhase section */

/* Begin PBXGroup section */
		AA57098520AA7F3B00C8D746 = {
			isa = PBXGroup;
			children = (
				AA57099020AA7F3B00C8D746 /* DemoCustomCell */,
				AA57098F20AA7F3B00C8D746 /* Products */,
			);
			sourceTree = "<group>";
		};
		AA57098F20AA7F3B00C8D746 /* Products */ = {
			isa = PBXGroup;
			children = (
				AA57098E20AA7F3B00C8D746 /* DemoCustomCell.app */,
			);
			name = Products;
			sourceTree = "<group>";
		};
		AA57099020AA7F3B00C8D746 /* DemoCustomCell */ = {
			isa = PBXGroup;
			children = (
				AA57099120AA7F3B00C8D746 /* AppDelegate.swift */,
				AA5709A320AA855D00C8D746 /* TableViewController.swift */,
				AA4D503C20ABC63A00EDAEEC /* TableViewCell.swift */,
				AA57099520AA7F3B00C8D746 /* Main.storyboard */,
				AA57099820AA7F3B00C8D746 /* Assets.xcassets */,
				AA57099A20AA7F3B00C8D746 /* LaunchScreen.storyboard */,
				AA57099D20AA7F3B00C8D746 /* Info.plist */,
			);
			path = DemoCustomCell;
			sourceTree = "<group>";
		};
/* End PBXGroup section */

/* Begin PBXNativeTarget section */
		AA57098D20AA7F3B00C8D746 /* DemoCustomCell */ = {
			isa = PBXNativeTarget;
			buildConfigurationList = AA5709A020AA7F3B00C8D746 /* Build configuration list for PBXNativeTarget "DemoCustomCell" */;
			buildPhases = (
				AA57098A20AA7F3B00C8D746 /* Sources */,
				AA57098B20AA7F3B00C8D746 /* Frameworks */,
				AA57098C20AA7F3B00C8D746 /* Resources */,
			);
			buildRules = (
			);
			dependencies = (
			);
			name = DemoCustomCell;
			productName = DemoCustomCell;
			productReference = AA57098E20AA7F3B00C8D746 /* DemoCustomCell.app */;
			productType = "com.apple.product-type.application";
		};
/* End PBXNativeTarget section */

/* Begin PBXProject section */
		AA57098620AA7F3B00C8D746 /* Project object */ = {
			isa = PBXProject;
			attributes = {
				LastSwiftUpdateCheck = 0920;
				LastUpgradeCheck = 0920;
				ORGANIZATIONNAME = "tham gia huy";
				TargetAttributes = {
					AA57098D20AA7F3B00C8D746 = {
						CreatedOnToolsVersion = 9.2;
						ProvisioningStyle = Automatic;
					};
				};
			};
			buildConfigurationList = AA57098920AA7F3B00C8D746 /* Build configuration list for PBXProject "DemoCustomCell" */;
			compatibilityVersion = "Xcode 8.0";
			developmentRegion = en;
			hasScannedForEncodings = 0;
			knownRegions = (
				en,
				Base,
			);
			mainGroup = AA57098520AA7F3B00C8D746;
			productRefGroup = AA57098F20AA7F3B00C8D746 /* Products */;
			projectDirPath = "";
			projectRoot = "";
			targets = (
				AA57098D20AA7F3B00C8D746 /* DemoCustomCell */,
			);
		};
/* End PBXProject section */

/* Begin PBXResourcesBuildPhase section */
		AA57098C20AA7F3B00C8D746 /* Resources */ = {
			isa = PBXResourcesBuildPhase;
			buildActionMask = 2147483647;
			files = (
				AA57099C20AA7F3B00C8D746 /* LaunchScreen.storyboard in Resources */,
				AA57099920AA7F3B00C8D746 /* Assets.xcassets in Resources */,
				AA57099720AA7F3B00C8D746 /* Main.storyboard in Resources */,
			);
			runOnlyForDeploymentPostprocessing = 0;
		};
/* End PBXResourcesBuildPhase section */

/* Begin PBXSourcesBuildPhase section */
		AA57098A20AA7F3B00C8D746 /* Sources */ = {
			isa = PBXSourcesBuildPhase;
			buildActionMask = 2147483647;
			files = (
				AA4D503D20ABC63A00EDAEEC /* TableViewCell.swift in Sources */,
				AA57099220AA7F3B00C8D746 /* AppDelegate.swift in Sources */,
				AA5709A420AA855D00C8D746 /* TableViewController.swift in Sources */,
			);
			runOnlyForDeploymentPostprocessing = 0;
		};
/* End PBXSourcesBuildPhase section */

/* Begin PBXVariantGroup section */
		AA57099520AA7F3B00C8D746 /* Main.storyboard */ = {
			isa = PBXVariantGroup;
			children = (
				AA57099620AA7F3B00C8D746 /* Base */,
			);
			name = Main.storyboard;
			sourceTree = "<group>";
		};
		AA57099A20AA7F3B00C8D746 /* LaunchScreen.storyboard */ = {
			isa = PBXVariantGroup;
			children = (
				AA57099B20AA7F3B00C8D746 /* Base */,
			);
			name = LaunchScreen.storyboard;
			sourceTree = "<group>";
		};
/* End PBXVariantGroup section */

/* Begin XCBuildConfiguration section */
		AA57099E20AA7F3B00C8D746 /* Debug */ = {
			isa = XCBuildConfiguration;
			buildSettings = {
				ALWAYS_SEARCH_USER_PATHS = NO;
				CLANG_ANALYZER_NONNULL = YES;
				CLANG_ANALYZER_NUMBER_OBJECT_CONVERSION = YES_AGGRESSIVE;
				CLANG_CXX_LANGUAGE_STANDARD = "gnu++14";
				CLANG_CXX_LIBRARY = "libc++";
				CLANG_ENABLE_MODULES = YES;
				CLANG_ENABLE_OBJC_ARC = YES;
				CLANG_WARN_BLOCK_CAPTURE_AUTORELEASING = YES;
				CLANG_WARN_BOOL_CONVERSION = YES;
				CLANG_WARN_COMMA = YES;
				CLANG_WARN_CONSTANT_CONVERSION = YES;
				CLANG_WARN_DIRECT_OBJC_ISA_USAGE = YES_ERROR;
				CLANG_WARN_DOCUMENTATION_COMMENTS = YES;
				CLANG_WARN_EMPTY_BODY = YES;
				CLANG_WARN_ENUM_CONVERSION = YES;
				CLANG_WARN_INFINITE_RECURSION = YES;
				CLANG_WARN_INT_CONVERSION = YES;
				CLANG_WARN_NON_LITERAL_NULL_CONVERSION = YES;
				CLANG_WARN_OBJC_LITERAL_CONVERSION = YES;
				CLANG_WARN_OBJC_ROOT_CLASS = YES_ERROR;
				CLANG_WARN_RANGE_LOOP_ANALYSIS = YES;
				CLANG_WARN_STRICT_PROTOTYPES = YES;
				CLANG_WARN_SUSPICIOUS_MOVE = YES;
				CLANG_WARN_UNGUARDED_AVAILABILITY = YES_AGGRESSIVE;
				CLANG_WARN_UNREACHABLE_CODE = YES;
				CLANG_WARN__DUPLICATE_METHOD_MATCH = YES;
				CODE_SIGN_IDENTITY = "iPhone Developer";
				COPY_PHASE_STRIP = NO;
				DEBUG_INFORMATION_FORMAT = dwarf;
				ENABLE_STRICT_OBJC_MSGSEND = YES;
				ENABLE_TESTABILITY = YES;
				GCC_C_LANGUAGE_STANDARD = gnu11;
				GCC_DYNAMIC_NO_PIC = NO;
				GCC_NO_COMMON_BLOCKS = YES;
				GCC_OPTIMIZATION_LEVEL = 0;
				GCC_PREPROCESSOR_DEFINITIONS = (
					"DEBUG=1",
					"$(inherited)",
				);
				GCC_WARN_64_TO_32_BIT_CONVERSION = YES;
				GCC_WARN_ABOUT_RETURN_TYPE = YES_ERROR;
				GCC_WARN_UNDECLARED_SELECTOR = YES;
				GCC_WARN_UNINITIALIZED_AUTOS = YES_AGGRESSIVE;
				GCC_WARN_UNUSED_FUNCTION = YES;
				GCC_WARN_UNUSED_VARIABLE = YES;
				IPHONEOS_DEPLOYMENT_TARGET = 11.2;
				MTL_ENABLE_DEBUG_INFO = YES;
				ONLY_ACTIVE_ARCH = YES;
				SDKROOT = iphoneos;
				SWIFT_ACTIVE_COMPILATION_CONDITIONS = DEBUG;
				SWIFT_OPTIMIZATION_LEVEL = "-Onone";
			};
			name = Debug;
		};
		AA57099F20AA7F3B00C8D746 /* Release */ = {
			isa = XCBuildConfiguration;
			buildSettings = {
				ALWAYS_SEARCH_USER_PATHS = NO;
				CLANG_ANALYZER_NONNULL = YES;
				CLANG_ANALYZER_NUMBER_OBJECT_CONVERSION = YES_AGGRESSIVE;
				CLANG_CXX_LANGUAGE_STANDARD = "gnu++14";
				CLANG_CXX_LIBRARY = "libc++";
				CLANG_ENABLE_MODULES = YES;
				CLANG_ENABLE_OBJC_ARC = YES;
				CLANG_WARN_BLOCK_CAPTURE_AUTORELEASING = YES;
				CLANG_WARN_BOOL_CONVERSION = YES;
				CLANG_WARN_COMMA = YES;
				CLANG_WARN_CONSTANT_CONVERSION = YES;
				CLANG_WARN_DIRECT_OBJC_ISA_USAGE = YES_ERROR;
				CLANG_WARN_DOCUMENTATION_COMMENTS = YES;
				CLANG_WARN_EMPTY_BODY = YES;
				CLANG_WARN_ENUM_CONVERSION = YES;
				CLANG_WARN_INFINITE_RECURSION = YES;
				CLANG_WARN_INT_CONVERSION = YES;
				CLANG_WARN_NON_LITERAL_NULL_CONVERSION = YES;
				CLANG_WARN_OBJC_LITERAL_CONVERSION = YES;
				CLANG_WARN_OBJC_ROOT_CLASS = YES_ERROR;
				CLANG_WARN_RANGE_LOOP_ANALYSIS = YES;
				CLANG_WARN_STRICT_PROTOTYPES = YES;
				CLANG_WARN_SUSPICIOUS_MOVE = YES;
				CLANG_WARN_UNGUARDED_AVAILABILITY = YES_AGGRESSIVE;
				CLANG_WARN_UNREACHABLE_CODE = YES;
				CLANG_WARN__DUPLICATE_METHOD_MATCH = YES;
				CODE_SIGN_IDENTITY = "iPhone Developer";
				COPY_PHASE_STRIP = NO;
				DEBUG_INFORMATION_FORMAT = "dwarf-with-dsym";
				ENABLE_NS_ASSERTIONS = NO;
				ENABLE_STRICT_OBJC_MSGSEND = YES;
				GCC_C_LANGUAGE_STANDARD = gnu11;
				GCC_NO_COMMON_BLOCKS = YES;
				GCC_WARN_64_TO_32_BIT_CONVERSION = YES;
				GCC_WARN_ABOUT_RETURN_TYPE = YES_ERROR;
				GCC_WARN_UNDECLARED_SELECTOR = YES;
				GCC_WARN_UNINITIALIZED_AUTOS = YES_AGGRESSIVE;
				GCC_WARN_UNUSED_FUNCTION = YES;
				GCC_WARN_UNUSED_VARIABLE = YES;
				IPHONEOS_DEPLOYMENT_TARGET = 11.2;
				MTL_ENABLE_DEBUG_INFO = NO;
				SDKROOT = iphoneos;
				SWIFT_OPTIMIZATION_LEVEL = "-Owholemodule";
				VALIDATE_PRODUCT = YES;
			};
			name = Release;
		};
		AA5709A120AA7F3B00C8D746 /* Debug */ = {
			isa = XCBuildConfiguration;
			buildSettings = {
				ASSETCATALOG_COMPILER_APPICON_NAME = AppIcon;
				CODE_SIGN_STYLE = Automatic;
				INFOPLIST_FILE = DemoCustomCell/Info.plist;
				LD_RUNPATH_SEARCH_PATHS = "$(inherited) @executable_path/Frameworks";
				PRODUCT_BUNDLE_IDENTIFIER = huy.DemoCustomCell;
				PRODUCT_NAME = "$(TARGET_NAME)";
				SWIFT_VERSION = 4.0;
				TARGETED_DEVICE_FAMILY = "1,2";
			};
			name = Debug;
		};
		AA5709A220AA7F3B00C8D746 /* Release */ = {
			isa = XCBuildConfiguration;
			buildSettings = {
				ASSETCATALOG_COMPILER_APPICON_NAME = AppIcon;
				CODE_SIGN_STYLE = Automatic;
				INFOPLIST_FILE = DemoCustomCell/Info.plist;
				LD_RUNPATH_SEARCH_PATHS = "$(inherited) @executable_path/Frameworks";
				PRODUCT_BUNDLE_IDENTIFIER = huy.DemoCustomCell;
				PRODUCT_NAME = "$(TARGET_NAME)";
				SWIFT_VERSION = 4.0;
				TARGETED_DEVICE_FAMILY = "1,2";
			};
			name = Release;
		};
/* End XCBuildConfiguration section */

/* Begin XCConfigurationList section */
		AA57098920AA7F3B00C8D746 /* Build configuration list for PBXProject "DemoCustomCell" */ = {
			isa = XCConfigurationList;
			buildConfigurations = (
				AA57099E20AA7F3B00C8D746 /* Debug */,
				AA57099F20AA7F3B00C8D746 /* Release */,
			);
			defaultConfigurationIsVisible = 0;
			defaultConfigurationName = Release;
		};
		AA5709A020AA7F3B00C8D746 /* Build configuration list for PBXNativeTarget "DemoCustomCell" */ = {
			isa = XCConfigurationList;
			buildConfigurations = (
				AA5709A120AA7F3B00C8D746 /* Debug */,
				AA5709A220AA7F3B00C8D746 /* Release */,
			);
			defaultConfigurationIsVisible = 0;
			defaultConfigurationName = Release;
		};
/* End XCConfigurationList section */
	};
	rootObject = AA57098620AA7F3B00C8D746 /* Project object */;
}
